
Microsoft Visual Studio Solution File, Format Version 12.00
# Visual Studio 15
VisualStudioVersion = 15.0.28010.2026
MinimumVisualStudioVersion = 10.0.40219.1
Project("{FAE04EC0-301F-11D3-BF4B-00C04F79EFBC}") = "Sales.Android", "Sales\Sales.Android\Sales.Android.csproj", "{B8B32868-AF50-41B9-8A2D-65CBAB95F932}"
EndProject
Project("{FAE04EC0-301F-11D3-BF4B-00C04F79EFBC}") = "Sales.iOS", "Sales\Sales.iOS\Sales.iOS.csproj", "{162DE9AA-E0F3-4049-B1BD-12CFFAB43C5C}"
EndProject
Project("{FAE04EC0-301F-11D3-BF4B-00C04F79EFBC}") = "Sales.UWP", "Sales\Sales.UWP\Sales.UWP.csproj", "{CAF414EE-110C-4E52-84B1-2F4CDC741BD5}"
EndProject
Project("{FAE04EC0-301F-11D3-BF4B-00C04F79EFBC}") = "Sales", "Sales\Sales\Sales.csproj", "{E6B52098-0EBD-4B1E-8BF4-DE56050B721F}"
EndProject
Project("{FAE04EC0-301F-11D3-BF4B-00C04F79EFBC}") = "Sales.Backend", "Sales.Backend\Sales.Backend.csproj", "{7EC8F6E7-89B8-4EF6-83F6-F5483561192C}"
EndProject
Project("{FAE04EC0-301F-11D3-BF4B-00C04F79EFBC}") = "Sales.API", "Sales.API\Sales.API.csproj", "{A81DB987-23DE-4DAD-9630-764FD2269A0E}"
EndProject
Project("{FAE04EC0-301F-11D3-BF4B-00C04F79EFBC}") = "Sales.Domain", "Sales.Domain\Sales.Domain.csproj", "{2F0A3D43-333D-4AC4-8F10-B1F0EBE0B68F}"
EndProject
Project("{FAE04EC0-301F-11D3-BF4B-00C04F79EFBC}") = "Sales.Common", "Sales.Common\Sales.Common.csproj", "{7403BC6C-882F-4D7C-A6E0-770A9940FC74}"
EndProject
Global
	GlobalSection(SolutionConfigurationPlatforms) = preSolution
		Ad-Hoc|Any CPU = Ad-Hoc|Any CPU
		Ad-Hoc|ARM = Ad-Hoc|ARM
		Ad-Hoc|iPhone = Ad-Hoc|iPhone
		Ad-Hoc|iPhoneSimulator = Ad-Hoc|iPhoneSimulator
		Ad-Hoc|x64 = Ad-Hoc|x64
		Ad-Hoc|x86 = Ad-Hoc|x86
		AppStore|Any CPU = AppStore|Any CPU
		AppStore|ARM = AppStore|ARM
		AppStore|iPhone = AppStore|iPhone
		AppStore|iPhoneSimulator = AppStore|iPhoneSimulator
		AppStore|x64 = AppStore|x64
		AppStore|x86 = AppStore|x86
		Debug|Any CPU = Debug|Any CPU
		Debug|ARM = Debug|ARM
		Debug|iPhone = Debug|iPhone
		Debug|iPhoneSimulator = Debug|iPhoneSimulator
		Debug|x64 = Debug|x64
		Debug|x86 = Debug|x86
		Release|Any CPU = Release|Any CPU
		Release|ARM = Release|ARM
		Release|iPhone = Release|iPhone
		Release|iPhoneSimulator = Release|iPhoneSimulator
		Release|x64 = Release|x64
		Release|x86 = Release|x86
	EndGlobalSection
	GlobalSection(ProjectConfigurationPlatforms) = postSolution
		{B8B32868-AF50-41B9-8A2D-65CBAB95F932}.Ad-Hoc|Any CPU.ActiveCfg = Release|Any CPU
		{B8B32868-AF50-41B9-8A2D-65CBAB95F932}.Ad-Hoc|Any CPU.Build.0 = Release|Any CPU
		{B8B32868-AF50-41B9-8A2D-65CBAB95F932}.Ad-Hoc|Any CPU.Deploy.0 = Release|Any CPU
		{B8B32868-AF50-41B9-8A2D-65CBAB95F932}.Ad-Hoc|ARM.ActiveCfg = Release|Any CPU
		{B8B32868-AF50-41B9-8A2D-65CBAB95F932}.Ad-Hoc|ARM.Build.0 = Release|Any CPU
		{B8B32868-AF50-41B9-8A2D-65CBAB95F932}.Ad-Hoc|ARM.Deploy.0 = Release|Any CPU
		{B8B32868-AF50-41B9-8A2D-65CBAB95F932}.Ad-Hoc|iPhone.ActiveCfg = Release|Any CPU
		{B8B32868-AF50-41B9-8A2D-65CBAB95F932}.Ad-Hoc|iPhone.Build.0 = Release|Any CPU
		{B8B32868-AF50-41B9-8A2D-65CBAB95F932}.Ad-Hoc|iPhone.Deploy.0 = Release|Any CPU
		{B8B32868-AF50-41B9-8A2D-65CBAB95F932}.Ad-Hoc|iPhoneSimulator.ActiveCfg = Release|Any CPU
		{B8B32868-AF50-41B9-8A2D-65CBAB95F932}.Ad-Hoc|iPhoneSimulator.Build.0 = Release|Any CPU
		{B8B32868-AF50-41B9-8A2D-65CBAB95F932}.Ad-Hoc|iPhoneSimulator.Deploy.0 = Release|Any CPU
		{B8B32868-AF50-41B9-8A2D-65CBAB95F932}.Ad-Hoc|x64.ActiveCfg = Release|Any CPU
		{B8B32868-AF50-41B9-8A2D-65CBAB95F932}.Ad-Hoc|x64.Build.0 = Release|Any CPU
		{B8B32868-AF50-41B9-8A2D-65CBAB95F932}.Ad-Hoc|x64.Deploy.0 = Release|Any CPU
		{B8B32868-AF50-41B9-8A2D-65CBAB95F932}.Ad-Hoc|x86.ActiveCfg = Release|Any CPU
		{B8B32868-AF50-41B9-8A2D-65CBAB95F932}.Ad-Hoc|x86.Build.0 = Release|Any CPU
		{B8B32868-AF50-41B9-8A2D-65CBAB95F932}.Ad-Hoc|x86.Deploy.0 = Release|Any CPU
		{B8B32868-AF50-41B9-8A2D-65CBAB95F932}.AppStore|Any CPU.ActiveCfg = Release|Any CPU
		{B8B32868-AF50-41B9-8A2D-65CBAB95F932}.AppStore|Any CPU.Build.0 = Release|Any CPU
		{B8B32868-AF50-41B9-8A2D-65CBAB95F932}.AppStore|Any CPU.Deploy.0 = Release|Any CPU
		{B8B32868-AF50-41B9-8A2D-65CBAB95F932}.AppStore|ARM.ActiveCfg = Release|Any CPU
		{B8B32868-AF50-41B9-8A2D-65CBAB95F932}.AppStore|ARM.Build.0 = Release|Any CPU
		{B8B32868-AF50-41B9-8A2D-65CBAB95F932}.AppStore|ARM.Deploy.0 = Release|Any CPU
		{B8B32868-AF50-41B9-8A2D-65CBAB95F932}.AppStore|iPhone.ActiveCfg = Release|Any CPU
		{B8B32868-AF50-41B9-8A2D-65CBAB95F932}.AppStore|iPhone.Build.0 = Release|Any CPU
		{B8B32868-AF50-41B9-8A2D-65CBAB95F932}.AppStore|iPhone.Deploy.0 = Release|Any CPU
		{B8B32868-AF50-41B9-8A2D-65CBAB95F932}.AppStore|iPhoneSimulator.ActiveCfg = Release|Any CPU
		{B8B32868-AF50-41B9-8A2D-65CBAB95F932}.AppStore|iPhoneSimulator.Build.0 = Release|Any CPU
		{B8B32868-AF50-41B9-8A2D-65CBAB95F932}.AppStore|iPhoneSimulator.Deploy.0 = Release|Any CPU
		{B8B32868-AF50-41B9-8A2D-65CBAB95F932}.AppStore|x64.ActiveCfg = Release|Any CPU
		{B8B32868-AF50-41B9-8A2D-65CBAB95F932}.AppStore|x64.Build.0 = Release|Any CPU
		{B8B32868-AF50-41B9-8A2D-65CBAB95F932}.AppStore|x64.Deploy.0 = Release|Any CPU
		{B8B32868-AF50-41B9-8A2D-65CBAB95F932}.AppStore|x86.ActiveCfg = Release|Any CPU
		{B8B32868-AF50-41B9-8A2D-65CBAB95F932}.AppStore|x86.Build.0 = Release|Any CPU
		{B8B32868-AF50-41B9-8A2D-65CBAB95F932}.AppStore|x86.Deploy.0 = Release|Any CPU
		{B8B32868-AF50-41B9-8A2D-65CBAB95F932}.Debug|Any CPU.ActiveCfg = Debug|Any CPU
		{B8B32868-AF50-41B9-8A2D-65CBAB95F932}.Debug|Any CPU.Build.0 = Debug|Any CPU
		{B8B32868-AF50-41B9-8A2D-65CBAB95F932}.Debug|Any CPU.Deploy.0 = Debug|Any CPU
		{B8B32868-AF50-41B9-8A2D-65CBAB95F932}.Debug|ARM.ActiveCfg = Debug|Any CPU
		{B8B32868-AF50-41B9-8A2D-65CBAB95F932}.Debug|ARM.Build.0 = Debug|Any CPU
		{B8B32868-AF50-41B9-8A2D-65CBAB95F932}.Debug|ARM.Deploy.0 = Debug|Any CPU
		{B8B32868-AF50-41B9-8A2D-65CBAB95F932}.Debug|iPhone.ActiveCfg = Debug|Any CPU
		{B8B32868-AF50-41B9-8A2D-65CBAB95F932}.Debug|iPhone.Build.0 = Debug|Any CPU
		{B8B32868-AF50-41B9-8A2D-65CBAB95F932}.Debug|iPhone.Deploy.0 = Debug|Any CPU
		{B8B32868-AF50-41B9-8A2D-65CBAB95F932}.Debug|iPhoneSimulator.ActiveCfg = Debug|Any CPU
		{B8B32868-AF50-41B9-8A2D-65CBAB95F932}.Debug|iPhoneSimulator.Build.0 = Debug|Any CPU
		{B8B32868-AF50-41B9-8A2D-65CBAB95F932}.Debug|iPhoneSimulator.Deploy.0 = Debug|Any CPU
		{B8B32868-AF50-41B9-8A2D-65CBAB95F932}.Debug|x64.ActiveCfg = Debug|Any CPU
		{B8B32868-AF50-41B9-8A2D-65CBAB95F932}.Debug|x64.Build.0 = Debug|Any CPU
		{B8B32868-AF50-41B9-8A2D-65CBAB95F932}.Debug|x64.Deploy.0 = Debug|Any CPU
		{B8B32868-AF50-41B9-8A2D-65CBAB95F932}.Debug|x86.ActiveCfg = Debug|Any CPU
		{B8B32868-AF50-41B9-8A2D-65CBAB95F932}.Debug|x86.Build.0 = Debug|Any CPU
		{B8B32868-AF50-41B9-8A2D-65CBAB95F932}.Debug|x86.Deploy.0 = Debug|Any CPU
		{B8B32868-AF50-41B9-8A2D-65CBAB95F932}.Release|Any CPU.ActiveCfg = Release|Any CPU
		{B8B32868-AF50-41B9-8A2D-65CBAB95F932}.Release|Any CPU.Build.0 = Release|Any CPU
		{B8B32868-AF50-41B9-8A2D-65CBAB95F932}.Release|Any CPU.Deploy.0 = Release|Any CPU
		{B8B32868-AF50-41B9-8A2D-65CBAB95F932}.Release|ARM.ActiveCfg = Release|Any CPU
		{B8B32868-AF50-41B9-8A2D-65CBAB95F932}.Release|ARM.Build.0 = Release|Any CPU
		{B8B32868-AF50-41B9-8A2D-65CBAB95F932}.Release|ARM.Deploy.0 = Release|Any CPU
		{B8B32868-AF50-41B9-8A2D-65CBAB95F932}.Release|iPhone.ActiveCfg = Release|Any CPU
		{B8B32868-AF50-41B9-8A2D-65CBAB95F932}.Release|iPhone.Build.0 = Release|Any CPU
		{B8B32868-AF50-41B9-8A2D-65CBAB95F932}.Release|iPhone.Deploy.0 = Release|Any CPU
		{B8B32868-AF50-41B9-8A2D-65CBAB95F932}.Release|iPhoneSimulator.ActiveCfg = Release|Any CPU
		{B8B32868-AF50-41B9-8A2D-65CBAB95F932}.Release|iPhoneSimulator.Build.0 = Release|Any CPU
		{B8B32868-AF50-41B9-8A2D-65CBAB95F932}.Release|iPhoneSimulator.Deploy.0 = Release|Any CPU
		{B8B32868-AF50-41B9-8A2D-65CBAB95F932}.Release|x64.ActiveCfg = Release|Any CPU
		{B8B32868-AF50-41B9-8A2D-65CBAB95F932}.Release|x64.Build.0 = Release|Any CPU
		{B8B32868-AF50-41B9-8A2D-65CBAB95F932}.Release|x64.Deploy.0 = Release|Any CPU
		{B8B32868-AF50-41B9-8A2D-65CBAB95F932}.Release|x86.ActiveCfg = Release|Any CPU
		{B8B32868-AF50-41B9-8A2D-65CBAB95F932}.Release|x86.Build.0 = Release|Any CPU
		{B8B32868-AF50-41B9-8A2D-65CBAB95F932}.Release|x86.Deploy.0 = Release|Any CPU
		{162DE9AA-E0F3-4049-B1BD-12CFFAB43C5C}.Ad-Hoc|Any CPU.ActiveCfg = Ad-Hoc|iPhone
		{162DE9AA-E0F3-4049-B1BD-12CFFAB43C5C}.Ad-Hoc|Any CPU.Build.0 = Ad-Hoc|iPhone
		{162DE9AA-E0F3-4049-B1BD-12CFFAB43C5C}.Ad-Hoc|Any CPU.Deploy.0 = Ad-Hoc|iPhone
		{162DE9AA-E0F3-4049-B1BD-12CFFAB43C5C}.Ad-Hoc|ARM.ActiveCfg = Ad-Hoc|iPhone
		{162DE9AA-E0F3-4049-B1BD-12CFFAB43C5C}.Ad-Hoc|ARM.Build.0 = Ad-Hoc|iPhone
		{162DE9AA-E0F3-4049-B1BD-12CFFAB43C5C}.Ad-Hoc|ARM.Deploy.0 = Ad-Hoc|iPhone
		{162DE9AA-E0F3-4049-B1BD-12CFFAB43C5C}.Ad-Hoc|iPhone.ActiveCfg = Ad-Hoc|iPhone
		{162DE9AA-E0F3-4049-B1BD-12CFFAB43C5C}.Ad-Hoc|iPhone.Build.0 = Ad-Hoc|iPhone
		{162DE9AA-E0F3-4049-B1BD-12CFFAB43C5C}.Ad-Hoc|iPhone.Deploy.0 = Ad-Hoc|iPhone
		{162DE9AA-E0F3-4049-B1BD-12CFFAB43C5C}.Ad-Hoc|iPhoneSimulator.ActiveCfg = Ad-Hoc|iPhoneSimulator
		{162DE9AA-E0F3-4049-B1BD-12CFFAB43C5C}.Ad-Hoc|iPhoneSimulator.Build.0 = Ad-Hoc|iPhoneSimulator
		{162DE9AA-E0F3-4049-B1BD-12CFFAB43C5C}.Ad-Hoc|iPhoneSimulator.Deploy.0 = Ad-Hoc|iPhoneSimulator
		{162DE9AA-E0F3-4049-B1BD-12CFFAB43C5C}.Ad-Hoc|x64.ActiveCfg = Ad-Hoc|iPhone
		{162DE9AA-E0F3-4049-B1BD-12CFFAB43C5C}.Ad-Hoc|x64.Build.0 = Ad-Hoc|iPhone
		{162DE9AA-E0F3-4049-B1BD-12CFFAB43C5C}.Ad-Hoc|x64.Deploy.0 = Ad-Hoc|iPhone
		{162DE9AA-E0F3-4049-B1BD-12CFFAB43C5C}.Ad-Hoc|x86.ActiveCfg = Ad-Hoc|iPhone
		{162DE9AA-E0F3-4049-B1BD-12CFFAB43C5C}.Ad-Hoc|x86.Build.0 = Ad-Hoc|iPhone
		{162DE9AA-E0F3-4049-B1BD-12CFFAB43C5C}.Ad-Hoc|x86.Deploy.0 = Ad-Hoc|iPhone
		{162DE9AA-E0F3-4049-B1BD-12CFFAB43C5C}.AppStore|Any CPU.ActiveCfg = AppStore|iPhone
		{162DE9AA-E0F3-4049-B1BD-12CFFAB43C5C}.AppStore|Any CPU.Build.0 = AppStore|iPhone
		{162DE9AA-E0F3-4049-B1BD-12CFFAB43C5C}.AppStore|Any CPU.Deploy.0 = AppStore|iPhone
		{162DE9AA-E0F3-4049-B1BD-12CFFAB43C5C}.AppStore|ARM.ActiveCfg = AppStore|iPhone
		{162DE9AA-E0F3-4049-B1BD-12CFFAB43C5C}.AppStore|ARM.Build.0 = AppStore|iPhone
		{162DE9AA-E0F3-4049-B1BD-12CFFAB43C5C}.AppStore|ARM.Deploy.0 = AppStore|iPhone
		{162DE9AA-E0F3-4049-B1BD-12CFFAB43C5C}.AppStore|iPhone.ActiveCfg = AppStore|iPhone
		{162DE9AA-E0F3-4049-B1BD-12CFFAB43C5C}.AppStore|iPhone.Build.0 = AppStore|iPhone
		{162DE9AA-E0F3-4049-B1BD-12CFFAB43C5C}.AppStore|iPhone.Deploy.0 = AppStore|iPhone
		{162DE9AA-E0F3-4049-B1BD-12CFFAB43C5C}.AppStore|iPhoneSimulator.ActiveCfg = AppStore|iPhoneSimulator
		{162DE9AA-E0F3-4049-B1BD-12CFFAB43C5C}.AppStore|iPhoneSimulator.Build.0 = AppStore|iPhoneSimulator
		{162DE9AA-E0F3-4049-B1BD-12CFFAB43C5C}.AppStore|iPhoneSimulator.Deploy.0 = AppStore|iPhoneSimulator
		{162DE9AA-E0F3-4049-B1BD-12CFFAB43C5C}.AppStore|x64.ActiveCfg = AppStore|iPhone
		{162DE9AA-E0F3-4049-B1BD-12CFFAB43C5C}.AppStore|x64.Build.0 = AppStore|iPhone
		{162DE9AA-E0F3-4049-B1BD-12CFFAB43C5C}.AppStore|x64.Deploy.0 = AppStore|iPhone
		{162DE9AA-E0F3-4049-B1BD-12CFFAB43C5C}.AppStore|x86.ActiveCfg = AppStore|iPhone
		{162DE9AA-E0F3-4049-B1BD-12CFFAB43C5C}.AppStore|x86.Build.0 = AppStore|iPhone
		{162DE9AA-E0F3-4049-B1BD-12CFFAB43C5C}.AppStore|x86.Deploy.0 = AppStore|iPhone
		{162DE9AA-E0F3-4049-B1BD-12CFFAB43C5C}.Debug|Any CPU.ActiveCfg = Debug|iPhoneSimulator
		{162DE9AA-E0F3-4049-B1BD-12CFFAB43C5C}.Debug|Any CPU.Build.0 = Debug|iPhoneSimulator
		{162DE9AA-E0F3-4049-B1BD-12CFFAB43C5C}.Debug|Any CPU.Deploy.0 = Debug|iPhoneSimulator
		{162DE9AA-E0F3-4049-B1BD-12CFFAB43C5C}.Debug|ARM.ActiveCfg = Debug|iPhone
		{162DE9AA-E0F3-4049-B1BD-12CFFAB43C5C}.Debug|ARM.Build.0 = Debug|iPhone
		{162DE9AA-E0F3-4049-B1BD-12CFFAB43C5C}.Debug|ARM.Deploy.0 = Debug|iPhone
		{162DE9AA-E0F3-4049-B1BD-12CFFAB43C5C}.Debug|iPhone.ActiveCfg = Debug|iPhone
		{162DE9AA-E0F3-4049-B1BD-12CFFAB43C5C}.Debug|iPhone.Build.0 = Debug|iPhone
		{162DE9AA-E0F3-4049-B1BD-12CFFAB43C5C}.Debug|iPhone.Deploy.0 = Debug|iPhone
		{162DE9AA-E0F3-4049-B1BD-12CFFAB43C5C}.Debug|iPhoneSimulator.ActiveCfg = Debug|iPhoneSimulator
		{162DE9AA-E0F3-4049-B1BD-12CFFAB43C5C}.Debug|iPhoneSimulator.Build.0 = Debug|iPhoneSimulator
		{162DE9AA-E0F3-4049-B1BD-12CFFAB43C5C}.Debug|iPhoneSimulator.Deploy.0 = Debug|iPhoneSimulator
		{162DE9AA-E0F3-4049-B1BD-12CFFAB43C5C}.Debug|x64.ActiveCfg = Debug|iPhone
		{162DE9AA-E0F3-4049-B1BD-12CFFAB43C5C}.Debug|x64.Build.0 = Debug|iPhone
		{162DE9AA-E0F3-4049-B1BD-12CFFAB43C5C}.Debug|x64.Deploy.0 = Debug|iPhone
		{162DE9AA-E0F3-4049-B1BD-12CFFAB43C5C}.Debug|x86.ActiveCfg = Debug|iPhone
		{162DE9AA-E0F3-4049-B1BD-12CFFAB43C5C}.Debug|x86.Build.0 = Debug|iPhone
		{162DE9AA-E0F3-4049-B1BD-12CFFAB43C5C}.Debug|x86.Deploy.0 = Debug|iPhone
		{162DE9AA-E0F3-4049-B1BD-12CFFAB43C5C}.Release|Any CPU.ActiveCfg = Release|iPhone
		{162DE9AA-E0F3-4049-B1BD-12CFFAB43C5C}.Release|Any CPU.Build.0 = Release|iPhone
		{162DE9AA-E0F3-4049-B1BD-12CFFAB43C5C}.Release|Any CPU.Deploy.0 = Release|iPhone
		{162DE9AA-E0F3-4049-B1BD-12CFFAB43C5C}.Release|ARM.ActiveCfg = Release|iPhone
		{162DE9AA-E0F3-4049-B1BD-12CFFAB43C5C}.Release|ARM.Build.0 = Release|iPhone
		{162DE9AA-E0F3-4049-B1BD-12CFFAB43C5C}.Release|ARM.Deploy.0 = Release|iPhone
		{162DE9AA-E0F3-4049-B1BD-12CFFAB43C5C}.Release|iPhone.ActiveCfg = Release|iPhone
		{162DE9AA-E0F3-4049-B1BD-12CFFAB43C5C}.Release|iPhone.Build.0 = Release|iPhone
		{162DE9AA-E0F3-4049-B1BD-12CFFAB43C5C}.Release|iPhone.Deploy.0 = Release|iPhone
		{162DE9AA-E0F3-4049-B1BD-12CFFAB43C5C}.Release|iPhoneSimulator.ActiveCfg = Release|iPhoneSimulator
		{162DE9AA-E0F3-4049-B1BD-12CFFAB43C5C}.Release|iPhoneSimulator.Build.0 = Release|iPhoneSimulator
		{162DE9AA-E0F3-4049-B1BD-12CFFAB43C5C}.Release|iPhoneSimulator.Deploy.0 = Release|iPhoneSimulator
		{162DE9AA-E0F3-4049-B1BD-12CFFAB43C5C}.Release|x64.ActiveCfg = Release|iPhone
		{162DE9AA-E0F3-4049-B1BD-12CFFAB43C5C}.Release|x64.Build.0 = Release|iPhone
		{162DE9AA-E0F3-4049-B1BD-12CFFAB43C5C}.Release|x64.Deploy.0 = Release|iPhone
		{162DE9AA-E0F3-4049-B1BD-12CFFAB43C5C}.Release|x86.ActiveCfg = Release|iPhone
		{162DE9AA-E0F3-4049-B1BD-12CFFAB43C5C}.Release|x86.Build.0 = Release|iPhone
		{162DE9AA-E0F3-4049-B1BD-12CFFAB43C5C}.Release|x86.Deploy.0 = Release|iPhone
		{CAF414EE-110C-4E52-84B1-2F4CDC741BD5}.Ad-Hoc|Any CPU.ActiveCfg = Release|x86
		{CAF414EE-110C-4E52-84B1-2F4CDC741BD5}.Ad-Hoc|Any CPU.Build.0 = Release|x86
		{CAF414EE-110C-4E52-84B1-2F4CDC741BD5}.Ad-Hoc|Any CPU.Deploy.0 = Release|x86
		{CAF414EE-110C-4E52-84B1-2F4CDC741BD5}.Ad-Hoc|ARM.ActiveCfg = Release|ARM
		{CAF414EE-110C-4E52-84B1-2F4CDC741BD5}.Ad-Hoc|ARM.Build.0 = Release|ARM
		{CAF414EE-110C-4E52-84B1-2F4CDC741BD5}.Ad-Hoc|ARM.Deploy.0 = Release|ARM
		{CAF414EE-110C-4E52-84B1-2F4CDC741BD5}.Ad-Hoc|iPhone.ActiveCfg = Release|x86
		{CAF414EE-110C-4E52-84B1-2F4CDC741BD5}.Ad-Hoc|iPhone.Build.0 = Release|x86
		{CAF414EE-110C-4E52-84B1-2F4CDC741BD5}.Ad-Hoc|iPhone.Deploy.0 = Release|x86
		{CAF414EE-110C-4E52-84B1-2F4CDC741BD5}.Ad-Hoc|iPhoneSimulator.ActiveCfg = Release|x86
		{CAF414EE-110C-4E52-84B1-2F4CDC741BD5}.Ad-Hoc|iPhoneSimulator.Build.0 = Release|x86
		{CAF414EE-110C-4E52-84B1-2F4CDC741BD5}.Ad-Hoc|iPhoneSimulator.Deploy.0 = Release|x86
		{CAF414EE-110C-4E52-84B1-2F4CDC741BD5}.Ad-Hoc|x64.ActiveCfg = Release|x64
		{CAF414EE-110C-4E52-84B1-2F4CDC741BD5}.Ad-Hoc|x64.Build.0 = Release|x64
		{CAF414EE-110C-4E52-84B1-2F4CDC741BD5}.Ad-Hoc|x64.Deploy.0 = Release|x64
		{CAF414EE-110C-4E52-84B1-2F4CDC741BD5}.Ad-Hoc|x86.ActiveCfg = Release|x86
		{CAF414EE-110C-4E52-84B1-2F4CDC741BD5}.Ad-Hoc|x86.Build.0 = Release|x86
		{CAF414EE-110C-4E52-84B1-2F4CDC741BD5}.Ad-Hoc|x86.Deploy.0 = Release|x86
		{CAF414EE-110C-4E52-84B1-2F4CDC741BD5}.AppStore|Any CPU.ActiveCfg = Release|x86
		{CAF414EE-110C-4E52-84B1-2F4CDC741BD5}.AppStore|Any CPU.Build.0 = Release|x86
		{CAF414EE-110C-4E52-84B1-2F4CDC741BD5}.AppStore|Any CPU.Deploy.0 = Release|x86
		{CAF414EE-110C-4E52-84B1-2F4CDC741BD5}.AppStore|ARM.ActiveCfg = Release|ARM
		{CAF414EE-110C-4E52-84B1-2F4CDC741BD5}.AppStore|ARM.Build.0 = Release|ARM
		{CAF414EE-110C-4E52-84B1-2F4CDC741BD5}.AppStore|ARM.Deploy.0 = Release|ARM
		{CAF414EE-110C-4E52-84B1-2F4CDC741BD5}.AppStore|iPhone.ActiveCfg = Release|x86
		{CAF414EE-110C-4E52-84B1-2F4CDC741BD5}.AppStore|iPhone.Build.0 = Release|x86
		{CAF414EE-110C-4E52-84B1-2F4CDC741BD5}.AppStore|iPhone.Deploy.0 = Release|x86
		{CAF414EE-110C-4E52-84B1-2F4CDC741BD5}.AppStore|iPhoneSimulator.ActiveCfg = Release|x86
		{CAF414EE-110C-4E52-84B1-2F4CDC741BD5}.AppStore|iPhoneSimulator.Build.0 = Release|x86
		{CAF414EE-110C-4E52-84B1-2F4CDC741BD5}.AppStore|iPhoneSimulator.Deploy.0 = Release|x86
		{CAF414EE-110C-4E52-84B1-2F4CDC741BD5}.AppStore|x64.ActiveCfg = Release|x64
		{CAF414EE-110C-4E52-84B1-2F4CDC741BD5}.AppStore|x64.Build.0 = Release|x64
		{CAF414EE-110C-4E52-84B1-2F4CDC741BD5}.AppStore|x64.Deploy.0 = Release|x64
		{CAF414EE-110C-4E52-84B1-2F4CDC741BD5}.AppStore|x86.ActiveCfg = Release|x86
		{CAF414EE-110C-4E52-84B1-2F4CDC741BD5}.AppStore|x86.Build.0 = Release|x86
		{CAF414EE-110C-4E52-84B1-2F4CDC741BD5}.AppStore|x86.Deploy.0 = Release|x86
		{CAF414EE-110C-4E52-84B1-2F4CDC741BD5}.Debug|Any CPU.ActiveCfg = Debug|x86
		{CAF414EE-110C-4E52-84B1-2F4CDC741BD5}.Debug|Any CPU.Build.0 = Debug|x86
		{CAF414EE-110C-4E52-84B1-2F4CDC741BD5}.Debug|Any CPU.Deploy.0 = Debug|x86
		{CAF414EE-110C-4E52-84B1-2F4CDC741BD5}.Debug|ARM.ActiveCfg = Debug|ARM
		{CAF414EE-110C-4E52-84B1-2F4CDC741BD5}.Debug|ARM.Build.0 = Debug|ARM
		{CAF414EE-110C-4E52-84B1-2F4CDC741BD5}.Debug|ARM.Deploy.0 = Debug|ARM
		{CAF414EE-110C-4E52-84B1-2F4CDC741BD5}.Debug|iPhone.ActiveCfg = Debug|x86
		{CAF414EE-110C-4E52-84B1-2F4CDC741BD5}.Debug|iPhone.Build.0 = Debug|x86
		{CAF414EE-110C-4E52-84B1-2F4CDC741BD5}.Debug|iPhone.Deploy.0 = Debug|x86
		{CAF414EE-110C-4E52-84B1-2F4CDC741BD5}.Debug|iPhoneSimulator.ActiveCfg = Debug|x86
		{CAF414EE-110C-4E52-84B1-2F4CDC741BD5}.Debug|iPhoneSimulator.Build.0 = Debug|x86
		{CAF414EE-110C-4E52-84B1-2F4CDC741BD5}.Debug|iPhoneSimulator.Deploy.0 = Debug|x86
		{CAF414EE-110C-4E52-84B1-2F4CDC741BD5}.Debug|x64.ActiveCfg = Debug|x64
		{CAF414EE-110C-4E52-84B1-2F4CDC741BD5}.Debug|x64.Build.0 = Debug|x64
		{CAF414EE-110C-4E52-84B1-2F4CDC741BD5}.Debug|x64.Deploy.0 = Debug|x64
		{CAF414EE-110C-4E52-84B1-2F4CDC741BD5}.Debug|x86.ActiveCfg = Debug|x86
		{CAF414EE-110C-4E52-84B1-2F4CDC741BD5}.Debug|x86.Build.0 = Debug|x86
		{CAF414EE-110C-4E52-84B1-2F4CDC741BD5}.Debug|x86.Deploy.0 = Debug|x86
		{CAF414EE-110C-4E52-84B1-2F4CDC741BD5}.Release|Any CPU.ActiveCfg = Release|x86
		{CAF414EE-110C-4E52-84B1-2F4CDC741BD5}.Release|Any CPU.Build.0 = Release|x86
		{CAF414EE-110C-4E52-84B1-2F4CDC741BD5}.Release|Any CPU.Deploy.0 = Release|x86
		{CAF414EE-110C-4E52-84B1-2F4CDC741BD5}.Release|ARM.ActiveCfg = Release|ARM
		{CAF414EE-110C-4E52-84B1-2F4CDC741BD5}.Release|ARM.Build.0 = Release|ARM
		{CAF414EE-110C-4E52-84B1-2F4CDC741BD5}.Release|ARM.Deploy.0 = Release|ARM
		{CAF414EE-110C-4E52-84B1-2F4CDC741BD5}.Release|iPhone.ActiveCfg = Release|x86
		{CAF414EE-110C-4E52-84B1-2F4CDC741BD5}.Release|iPhone.Build.0 = Release|x86
		{CAF414EE-110C-4E52-84B1-2F4CDC741BD5}.Release|iPhone.Deploy.0 = Release|x86
		{CAF414EE-110C-4E52-84B1-2F4CDC741BD5}.Release|iPhoneSimulator.ActiveCfg = Release|x86
		{CAF414EE-110C-4E52-84B1-2F4CDC741BD5}.Release|iPhoneSimulator.Build.0 = Release|x86
		{CAF414EE-110C-4E52-84B1-2F4CDC741BD5}.Release|iPhoneSimulator.Deploy.0 = Release|x86
		{CAF414EE-110C-4E52-84B1-2F4CDC741BD5}.Release|x64.ActiveCfg = Release|x64
		{CAF414EE-110C-4E52-84B1-2F4CDC741BD5}.Release|x64.Build.0 = Release|x64
		{CAF414EE-110C-4E52-84B1-2F4CDC741BD5}.Release|x64.Deploy.0 = Release|x64
		{CAF414EE-110C-4E52-84B1-2F4CDC741BD5}.Release|x86.ActiveCfg = Release|x86
		{CAF414EE-110C-4E52-84B1-2F4CDC741BD5}.Release|x86.Build.0 = Release|x86
		{CAF414EE-110C-4E52-84B1-2F4CDC741BD5}.Release|x86.Deploy.0 = Release|x86
		{E6B52098-0EBD-4B1E-8BF4-DE56050B721F}.Ad-Hoc|Any CPU.ActiveCfg = Debug|Any CPU
		{E6B52098-0EBD-4B1E-8BF4-DE56050B721F}.Ad-Hoc|Any CPU.Build.0 = Debug|Any CPU
		{E6B52098-0EBD-4B1E-8BF4-DE56050B721F}.Ad-Hoc|Any CPU.Deploy.0 = Debug|Any CPU
		{E6B52098-0EBD-4B1E-8BF4-DE56050B721F}.Ad-Hoc|ARM.ActiveCfg = Debug|Any CPU
		{E6B52098-0EBD-4B1E-8BF4-DE56050B721F}.Ad-Hoc|ARM.Build.0 = Debug|Any CPU
		{E6B52098-0EBD-4B1E-8BF4-DE56050B721F}.Ad-Hoc|ARM.Deploy.0 = Debug|Any CPU
		{E6B52098-0EBD-4B1E-8BF4-DE56050B721F}.Ad-Hoc|iPhone.ActiveCfg = Debug|Any CPU
		{E6B52098-0EBD-4B1E-8BF4-DE56050B721F}.Ad-Hoc|iPhone.Build.0 = Debug|Any CPU
		{E6B52098-0EBD-4B1E-8BF4-DE56050B721F}.Ad-Hoc|iPhone.Deploy.0 = Debug|Any CPU
		{E6B52098-0EBD-4B1E-8BF4-DE56050B721F}.Ad-Hoc|iPhoneSimulator.ActiveCfg = Debug|Any CPU
		{E6B52098-0EBD-4B1E-8BF4-DE56050B721F}.Ad-Hoc|iPhoneSimulator.Build.0 = Debug|Any CPU
		{E6B52098-0EBD-4B1E-8BF4-DE56050B721F}.Ad-Hoc|iPhoneSimulator.Deploy.0 = Debug|Any CPU
		{E6B52098-0EBD-4B1E-8BF4-DE56050B721F}.Ad-Hoc|x64.ActiveCfg = Debug|Any CPU
		{E6B52098-0EBD-4B1E-8BF4-DE56050B721F}.Ad-Hoc|x64.Build.0 = Debug|Any CPU
		{E6B52098-0EBD-4B1E-8BF4-DE56050B721F}.Ad-Hoc|x64.Deploy.0 = Debug|Any CPU
		{E6B52098-0EBD-4B1E-8BF4-DE56050B721F}.Ad-Hoc|x86.ActiveCfg = Debug|Any CPU
		{E6B52098-0EBD-4B1E-8BF4-DE56050B721F}.Ad-Hoc|x86.Build.0 = Debug|Any CPU
		{E6B52098-0EBD-4B1E-8BF4-DE56050B721F}.Ad-Hoc|x86.Deploy.0 = Debug|Any CPU
		{E6B52098-0EBD-4B1E-8BF4-DE56050B721F}.AppStore|Any CPU.ActiveCfg = Debug|Any CPU
		{E6B52098-0EBD-4B1E-8BF4-DE56050B721F}.AppStore|Any CPU.Build.0 = Debug|Any CPU
		{E6B52098-0EBD-4B1E-8BF4-DE56050B721F}.AppStore|Any CPU.Deploy.0 = Debug|Any CPU
		{E6B52098-0EBD-4B1E-8BF4-DE56050B721F}.AppStore|ARM.ActiveCfg = Debug|Any CPU
		{E6B52098-0EBD-4B1E-8BF4-DE56050B721F}.AppStore|ARM.Build.0 = Debug|Any CPU
		{E6B52098-0EBD-4B1E-8BF4-DE56050B721F}.AppStore|ARM.Deploy.0 = Debug|Any CPU
		{E6B52098-0EBD-4B1E-8BF4-DE56050B721F}.AppStore|iPhone.ActiveCfg = Debug|Any CPU
		{E6B52098-0EBD-4B1E-8BF4-DE56050B721F}.AppStore|iPhone.Build.0 = Debug|Any CPU
		{E6B52098-0EBD-4B1E-8BF4-DE56050B721F}.AppStore|iPhone.Deploy.0 = Debug|Any CPU
		{E6B52098-0EBD-4B1E-8BF4-DE56050B721F}.AppStore|iPhoneSimulator.ActiveCfg = Debug|Any CPU
		{E6B52098-0EBD-4B1E-8BF4-DE56050B721F}.AppStore|iPhoneSimulator.Build.0 = Debug|Any CPU
		{E6B52098-0EBD-4B1E-8BF4-DE56050B721F}.AppStore|iPhoneSimulator.Deploy.0 = Debug|Any CPU
		{E6B52098-0EBD-4B1E-8BF4-DE56050B721F}.AppStore|x64.ActiveCfg = Debug|Any CPU
		{E6B52098-0EBD-4B1E-8BF4-DE56050B721F}.AppStore|x64.Build.0 = Debug|Any CPU
		{E6B52098-0EBD-4B1E-8BF4-DE56050B721F}.AppStore|x64.Deploy.0 = Debug|Any CPU
		{E6B52098-0EBD-4B1E-8BF4-DE56050B721F}.AppStore|x86.ActiveCfg = Debug|Any CPU
		{E6B52098-0EBD-4B1E-8BF4-DE56050B721F}.AppStore|x86.Build.0 = Debug|Any CPU
		{E6B52098-0EBD-4B1E-8BF4-DE56050B721F}.AppStore|x86.Deploy.0 = Debug|Any CPU
		{E6B52098-0EBD-4B1E-8BF4-DE56050B721F}.Debug|Any CPU.ActiveCfg = Debug|Any CPU
		{E6B52098-0EBD-4B1E-8BF4-DE56050B721F}.Debug|Any CPU.Build.0 = Debug|Any CPU
		{E6B52098-0EBD-4B1E-8BF4-DE56050B721F}.Debug|Any CPU.Deploy.0 = Debug|Any CPU
		{E6B52098-0EBD-4B1E-8BF4-DE56050B721F}.Debug|ARM.ActiveCfg = Debug|Any CPU
		{E6B52098-0EBD-4B1E-8BF4-DE56050B721F}.Debug|ARM.Build.0 = Debug|Any CPU
		{E6B52098-0EBD-4B1E-8BF4-DE56050B721F}.Debug|ARM.Deploy.0 = Debug|Any CPU
		{E6B52098-0EBD-4B1E-8BF4-DE56050B721F}.Debug|iPhone.ActiveCfg = Debug|Any CPU
		{E6B52098-0EBD-4B1E-8BF4-DE56050B721F}.Debug|iPhone.Build.0 = Debug|Any CPU
		{E6B52098-0EBD-4B1E-8BF4-DE56050B721F}.Debug|iPhone.Deploy.0 = Debug|Any CPU
		{E6B52098-0EBD-4B1E-8BF4-DE56050B721F}.Debug|iPhoneSimulator.ActiveCfg = Debug|Any CPU
		{E6B52098-0EBD-4B1E-8BF4-DE56050B721F}.Debug|iPhoneSimulator.Build.0 = Debug|Any CPU
		{E6B52098-0EBD-4B1E-8BF4-DE56050B721F}.Debug|iPhoneSimulator.Deploy.0 = Debug|Any CPU
		{E6B52098-0EBD-4B1E-8BF4-DE56050B721F}.Debug|x64.ActiveCfg = Debug|Any CPU
		{E6B52098-0EBD-4B1E-8BF4-DE56050B721F}.Debug|x64.Build.0 = Debug|Any CPU
		{E6B52098-0EBD-4B1E-8BF4-DE56050B721F}.Debug|x64.Deploy.0 = Debug|Any CPU
		{E6B52098-0EBD-4B1E-8BF4-DE56050B721F}.Debug|x86.ActiveCfg = Debug|Any CPU
		{E6B52098-0EBD-4B1E-8BF4-DE56050B721F}.Debug|x86.Build.0 = Debug|Any CPU
		{E6B52098-0EBD-4B1E-8BF4-DE56050B721F}.Debug|x86.Deploy.0 = Debug|Any CPU
		{E6B52098-0EBD-4B1E-8BF4-DE56050B721F}.Release|Any CPU.ActiveCfg = Release|Any CPU
		{E6B52098-0EBD-4B1E-8BF4-DE56050B721F}.Release|Any CPU.Build.0 = Release|Any CPU
		{E6B52098-0EBD-4B1E-8BF4-DE56050B721F}.Release|Any CPU.Deploy.0 = Release|Any CPU
		{E6B52098-0EBD-4B1E-8BF4-DE56050B721F}.Release|ARM.ActiveCfg = Release|Any CPU
		{E6B52098-0EBD-4B1E-8BF4-DE56050B721F}.Release|ARM.Build.0 = Release|Any CPU
		{E6B52098-0EBD-4B1E-8BF4-DE56050B721F}.Release|ARM.Deploy.0 = Release|Any CPU
		{E6B52098-0EBD-4B1E-8BF4-DE56050B721F}.Release|iPhone.ActiveCfg = Release|Any CPU
		{E6B52098-0EBD-4B1E-8BF4-DE56050B721F}.Release|iPhone.Build.0 = Release|Any CPU
		{E6B52098-0EBD-4B1E-8BF4-DE56050B721F}.Release|iPhone.Deploy.0 = Release|Any CPU
		{E6B52098-0EBD-4B1E-8BF4-DE56050B721F}.Release|iPhoneSimulator.ActiveCfg = Release|Any CPU
		{E6B52098-0EBD-4B1E-8BF4-DE56050B721F}.Release|iPhoneSimulator.Build.0 = Release|Any CPU
		{E6B52098-0EBD-4B1E-8BF4-DE56050B721F}.Release|iPhoneSimulator.Deploy.0 = Release|Any CPU
		{E6B52098-0EBD-4B1E-8BF4-DE56050B721F}.Release|x64.ActiveCfg = Release|Any CPU
		{E6B52098-0EBD-4B1E-8BF4-DE56050B721F}.Release|x64.Build.0 = Release|Any CPU
		{E6B52098-0EBD-4B1E-8BF4-DE56050B721F}.Release|x64.Deploy.0 = Release|Any CPU
		{E6B52098-0EBD-4B1E-8BF4-DE56050B721F}.Release|x86.ActiveCfg = Release|Any CPU
		{E6B52098-0EBD-4B1E-8BF4-DE56050B721F}.Release|x86.Build.0 = Release|Any CPU
		{E6B52098-0EBD-4B1E-8BF4-DE56050B721F}.Release|x86.Deploy.0 = Release|Any CPU
		{7EC8F6E7-89B8-4EF6-83F6-F5483561192C}.Ad-Hoc|Any CPU.ActiveCfg = Release|Any CPU
		{7EC8F6E7-89B8-4EF6-83F6-F5483561192C}.Ad-Hoc|Any CPU.Build.0 = Release|Any CPU
		{7EC8F6E7-89B8-4EF6-83F6-F5483561192C}.Ad-Hoc|ARM.ActiveCfg = Release|Any CPU
		{7EC8F6E7-89B8-4EF6-83F6-F5483561192C}.Ad-Hoc|ARM.Build.0 = Release|Any CPU
		{7EC8F6E7-89B8-4EF6-83F6-F5483561192C}.Ad-Hoc|iPhone.ActiveCfg = Release|Any CPU
		{7EC8F6E7-89B8-4EF6-83F6-F5483561192C}.Ad-Hoc|iPhone.Build.0 = Release|Any CPU
		{7EC8F6E7-89B8-4EF6-83F6-F5483561192C}.Ad-Hoc|iPhoneSimulator.ActiveCfg = Release|Any CPU
		{7EC8F6E7-89B8-4EF6-83F6-F5483561192C}.Ad-Hoc|iPhoneSimulator.Build.0 = Release|Any CPU
		{7EC8F6E7-89B8-4EF6-83F6-F5483561192C}.Ad-Hoc|x64.ActiveCfg = Release|Any CPU
		{7EC8F6E7-89B8-4EF6-83F6-F5483561192C}.Ad-Hoc|x64.Build.0 = Release|Any CPU
		{7EC8F6E7-89B8-4EF6-83F6-F5483561192C}.Ad-Hoc|x86.ActiveCfg = Release|Any CPU
		{7EC8F6E7-89B8-4EF6-83F6-F5483561192C}.Ad-Hoc|x86.Build.0 = Release|Any CPU
		{7EC8F6E7-89B8-4EF6-83F6-F5483561192C}.AppStore|Any CPU.ActiveCfg = Release|Any CPU
		{7EC8F6E7-89B8-4EF6-83F6-F5483561192C}.AppStore|Any CPU.Build.0 = Release|Any CPU
		{7EC8F6E7-89B8-4EF6-83F6-F5483561192C}.AppStore|ARM.ActiveCfg = Release|Any CPU
		{7EC8F6E7-89B8-4EF6-83F6-F5483561192C}.AppStore|ARM.Build.0 = Release|Any CPU
		{7EC8F6E7-89B8-4EF6-83F6-F5483561192C}.AppStore|iPhone.ActiveCfg = Release|Any CPU
		{7EC8F6E7-89B8-4EF6-83F6-F5483561192C}.AppStore|iPhone.Build.0 = Release|Any CPU
		{7EC8F6E7-89B8-4EF6-83F6-F5483561192C}.AppStore|iPhoneSimulator.ActiveCfg = Release|Any CPU
		{7EC8F6E7-89B8-4EF6-83F6-F5483561192C}.AppStore|iPhoneSimulator.Build.0 = Release|Any CPU
		{7EC8F6E7-89B8-4EF6-83F6-F5483561192C}.AppStore|x64.ActiveCfg = Release|Any CPU
		{7EC8F6E7-89B8-4EF6-83F6-F5483561192C}.AppStore|x64.Build.0 = Release|Any CPU
		{7EC8F6E7-89B8-4EF6-83F6-F5483561192C}.AppStore|x86.ActiveCfg = Release|Any CPU
		{7EC8F6E7-89B8-4EF6-83F6-F5483561192C}.AppStore|x86.Build.0 = Release|Any CPU
		{7EC8F6E7-89B8-4EF6-83F6-F5483561192C}.Debug|Any CPU.ActiveCfg = Debug|Any CPU
		{7EC8F6E7-89B8-4EF6-83F6-F5483561192C}.Debug|Any CPU.Build.0 = Debug|Any CPU
		{7EC8F6E7-89B8-4EF6-83F6-F5483561192C}.Debug|ARM.ActiveCfg = Debug|Any CPU
		{7EC8F6E7-89B8-4EF6-83F6-F5483561192C}.Debug|ARM.Build.0 = Debug|Any CPU
		{7EC8F6E7-89B8-4EF6-83F6-F5483561192C}.Debug|iPhone.ActiveCfg = Debug|Any CPU
		{7EC8F6E7-89B8-4EF6-83F6-F5483561192C}.Debug|iPhone.Build.0 = Debug|Any CPU
		{7EC8F6E7-89B8-4EF6-83F6-F5483561192C}.Debug|iPhoneSimulator.ActiveCfg = Debug|Any CPU
		{7EC8F6E7-89B8-4EF6-83F6-F5483561192C}.Debug|iPhoneSimulator.Build.0 = Debug|Any CPU
		{7EC8F6E7-89B8-4EF6-83F6-F5483561192C}.Debug|x64.ActiveCfg = Debug|Any CPU
		{7EC8F6E7-89B8-4EF6-83F6-F5483561192C}.Debug|x64.Build.0 = Debug|Any CPU
		{7EC8F6E7-89B8-4EF6-83F6-F5483561192C}.Debug|x86.ActiveCfg = Debug|Any CPU
		{7EC8F6E7-89B8-4EF6-83F6-F5483561192C}.Debug|x86.Build.0 = Debug|Any CPU
		{7EC8F6E7-89B8-4EF6-83F6-F5483561192C}.Release|Any CPU.ActiveCfg = Release|Any CPU
		{7EC8F6E7-89B8-4EF6-83F6-F5483561192C}.Release|Any CPU.Build.0 = Release|Any CPU
		{7EC8F6E7-89B8-4EF6-83F6-F5483561192C}.Release|ARM.ActiveCfg = Release|Any CPU
		{7EC8F6E7-89B8-4EF6-83F6-F5483561192C}.Release|ARM.Build.0 = Release|Any CPU
		{7EC8F6E7-89B8-4EF6-83F6-F5483561192C}.Release|iPhone.ActiveCfg = Release|Any CPU
		{7EC8F6E7-89B8-4EF6-83F6-F5483561192C}.Release|iPhone.Build.0 = Release|Any CPU
		{7EC8F6E7-89B8-4EF6-83F6-F5483561192C}.Release|iPhoneSimulator.ActiveCfg = Release|Any CPU
		{7EC8F6E7-89B8-4EF6-83F6-F5483561192C}.Release|iPhoneSimulator.Build.0 = Release|Any CPU
		{7EC8F6E7-89B8-4EF6-83F6-F5483561192C}.Release|x64.ActiveCfg = Release|Any CPU
		{7EC8F6E7-89B8-4EF6-83F6-F5483561192C}.Release|x64.Build.0 = Release|Any CPU
		{7EC8F6E7-89B8-4EF6-83F6-F5483561192C}.Release|x86.ActiveCfg = Release|Any CPU
		{7EC8F6E7-89B8-4EF6-83F6-F5483561192C}.Release|x86.Build.0 = Release|Any CPU
		{A81DB987-23DE-4DAD-9630-764FD2269A0E}.Ad-Hoc|Any CPU.ActiveCfg = Release|Any CPU
		{A81DB987-23DE-4DAD-9630-764FD2269A0E}.Ad-Hoc|Any CPU.Build.0 = Release|Any CPU
		{A81DB987-23DE-4DAD-9630-764FD2269A0E}.Ad-Hoc|ARM.ActiveCfg = Release|Any CPU
		{A81DB987-23DE-4DAD-9630-764FD2269A0E}.Ad-Hoc|ARM.Build.0 = Release|Any CPU
		{A81DB987-23DE-4DAD-9630-764FD2269A0E}.Ad-Hoc|iPhone.ActiveCfg = Release|Any CPU
		{A81DB987-23DE-4DAD-9630-764FD2269A0E}.Ad-Hoc|iPhone.Build.0 = Release|Any CPU
		{A81DB987-23DE-4DAD-9630-764FD2269A0E}.Ad-Hoc|iPhoneSimulator.ActiveCfg = Release|Any CPU
		{A81DB987-23DE-4DAD-9630-764FD2269A0E}.Ad-Hoc|iPhoneSimulator.Build.0 = Release|Any CPU
		{A81DB987-23DE-4DAD-9630-764FD2269A0E}.Ad-Hoc|x64.ActiveCfg = Release|Any CPU
		{A81DB987-23DE-4DAD-9630-764FD2269A0E}.Ad-Hoc|x64.Build.0 = Release|Any CPU
		{A81DB987-23DE-4DAD-9630-764FD2269A0E}.Ad-Hoc|x86.ActiveCfg = Release|Any CPU
		{A81DB987-23DE-4DAD-9630-764FD2269A0E}.Ad-Hoc|x86.Build.0 = Release|Any CPU
		{A81DB987-23DE-4DAD-9630-764FD2269A0E}.AppStore|Any CPU.ActiveCfg = Release|Any CPU
		{A81DB987-23DE-4DAD-9630-764FD2269A0E}.AppStore|Any CPU.Build.0 = Release|Any CPU
		{A81DB987-23DE-4DAD-9630-764FD2269A0E}.AppStore|ARM.ActiveCfg = Release|Any CPU
		{A81DB987-23DE-4DAD-9630-764FD2269A0E}.AppStore|ARM.Build.0 = Release|Any CPU
		{A81DB987-23DE-4DAD-9630-764FD2269A0E}.AppStore|iPhone.ActiveCfg = Release|Any CPU
		{A81DB987-23DE-4DAD-9630-764FD2269A0E}.AppStore|iPhone.Build.0 = Release|Any CPU
		{A81DB987-23DE-4DAD-9630-764FD2269A0E}.AppStore|iPhoneSimulator.ActiveCfg = Release|Any CPU
		{A81DB987-23DE-4DAD-9630-764FD2269A0E}.AppStore|iPhoneSimulator.Build.0 = Release|Any CPU
		{A81DB987-23DE-4DAD-9630-764FD2269A0E}.AppStore|x64.ActiveCfg = Release|Any CPU
		{A81DB987-23DE-4DAD-9630-764FD2269A0E}.AppStore|x64.Build.0 = Release|Any CPU
		{A81DB987-23DE-4DAD-9630-764FD2269A0E}.AppStore|x86.ActiveCfg = Release|Any CPU
		{A81DB987-23DE-4DAD-9630-764FD2269A0E}.AppStore|x86.Build.0 = Release|Any CPU
		{A81DB987-23DE-4DAD-9630-764FD2269A0E}.Debug|Any CPU.ActiveCfg = Debug|Any CPU
		{A81DB987-23DE-4DAD-9630-764FD2269A0E}.Debug|Any CPU.Build.0 = Debug|Any CPU
		{A81DB987-23DE-4DAD-9630-764FD2269A0E}.Debug|ARM.ActiveCfg = Debug|Any CPU
		{A81DB987-23DE-4DAD-9630-764FD2269A0E}.Debug|ARM.Build.0 = Debug|Any CPU
		{A81DB987-23DE-4DAD-9630-764FD2269A0E}.Debug|iPhone.ActiveCfg = Debug|Any CPU
		{A81DB987-23DE-4DAD-9630-764FD2269A0E}.Debug|iPhone.Build.0 = Debug|Any CPU
		{A81DB987-23DE-4DAD-9630-764FD2269A0E}.Debug|iPhoneSimulator.ActiveCfg = Debug|Any CPU
		{A81DB987-23DE-4DAD-9630-764FD2269A0E}.Debug|iPhoneSimulator.Build.0 = Debug|Any CPU
		{A81DB987-23DE-4DAD-9630-764FD2269A0E}.Debug|x64.ActiveCfg = Debug|Any CPU
		{A81DB987-23DE-4DAD-9630-764FD2269A0E}.Debug|x64.Build.0 = Debug|Any CPU
		{A81DB987-23DE-4DAD-9630-764FD2269A0E}.Debug|x86.ActiveCfg = Debug|Any CPU
		{A81DB987-23DE-4DAD-9630-764FD2269A0E}.Debug|x86.Build.0 = Debug|Any CPU
		{A81DB987-23DE-4DAD-9630-764FD2269A0E}.Release|Any CPU.ActiveCfg = Release|Any CPU
		{A81DB987-23DE-4DAD-9630-764FD2269A0E}.Release|Any CPU.Build.0 = Release|Any CPU
		{A81DB987-23DE-4DAD-9630-764FD2269A0E}.Release|ARM.ActiveCfg = Release|Any CPU
		{A81DB987-23DE-4DAD-9630-764FD2269A0E}.Release|ARM.Build.0 = Release|Any CPU
		{A81DB987-23DE-4DAD-9630-764FD2269A0E}.Release|iPhone.ActiveCfg = Release|Any CPU
		{A81DB987-23DE-4DAD-9630-764FD2269A0E}.Release|iPhone.Build.0 = Release|Any CPU
		{A81DB987-23DE-4DAD-9630-764FD2269A0E}.Release|iPhoneSimulator.ActiveCfg = Release|Any CPU
		{A81DB987-23DE-4DAD-9630-764FD2269A0E}.Release|iPhoneSimulator.Build.0 = Release|Any CPU
		{A81DB987-23DE-4DAD-9630-764FD2269A0E}.Release|x64.ActiveCfg = Release|Any CPU
		{A81DB987-23DE-4DAD-9630-764FD2269A0E}.Release|x64.Build.0 = Release|Any CPU
		{A81DB987-23DE-4DAD-9630-764FD2269A0E}.Release|x86.ActiveCfg = Release|Any CPU
		{A81DB987-23DE-4DAD-9630-764FD2269A0E}.Release|x86.Build.0 = Release|Any CPU
		{2F0A3D43-333D-4AC4-8F10-B1F0EBE0B68F}.Ad-Hoc|Any CPU.ActiveCfg = Release|Any CPU
		{2F0A3D43-333D-4AC4-8F10-B1F0EBE0B68F}.Ad-Hoc|Any CPU.Build.0 = Release|Any CPU
		{2F0A3D43-333D-4AC4-8F10-B1F0EBE0B68F}.Ad-Hoc|ARM.ActiveCfg = Release|Any CPU
		{2F0A3D43-333D-4AC4-8F10-B1F0EBE0B68F}.Ad-Hoc|ARM.Build.0 = Release|Any CPU
		{2F0A3D43-333D-4AC4-8F10-B1F0EBE0B68F}.Ad-Hoc|iPhone.ActiveCfg = Release|Any CPU
		{2F0A3D43-333D-4AC4-8F10-B1F0EBE0B68F}.Ad-Hoc|iPhone.Build.0 = Release|Any CPU
		{2F0A3D43-333D-4AC4-8F10-B1F0EBE0B68F}.Ad-Hoc|iPhoneSimulator.ActiveCfg = Release|Any CPU
		{2F0A3D43-333D-4AC4-8F10-B1F0EBE0B68F}.Ad-Hoc|iPhoneSimulator.Build.0 = Release|Any CPU
		{2F0A3D43-333D-4AC4-8F10-B1F0EBE0B68F}.Ad-Hoc|x64.ActiveCfg = Release|Any CPU
		{2F0A3D43-333D-4AC4-8F10-B1F0EBE0B68F}.Ad-Hoc|x64.Build.0 = Release|Any CPU
		{2F0A3D43-333D-4AC4-8F10-B1F0EBE0B68F}.Ad-Hoc|x86.ActiveCfg = Release|Any CPU
		{2F0A3D43-333D-4AC4-8F10-B1F0EBE0B68F}.Ad-Hoc|x86.Build.0 = Release|Any CPU
		{2F0A3D43-333D-4AC4-8F10-B1F0EBE0B68F}.AppStore|Any CPU.ActiveCfg = Release|Any CPU
		{2F0A3D43-333D-4AC4-8F10-B1F0EBE0B68F}.AppStore|Any CPU.Build.0 = Release|Any CPU
		{2F0A3D43-333D-4AC4-8F10-B1F0EBE0B68F}.AppStore|ARM.ActiveCfg = Release|Any CPU
		{2F0A3D43-333D-4AC4-8F10-B1F0EBE0B68F}.AppStore|ARM.Build.0 = Release|Any CPU
		{2F0A3D43-333D-4AC4-8F10-B1F0EBE0B68F}.AppStore|iPhone.ActiveCfg = Release|Any CPU
		{2F0A3D43-333D-4AC4-8F10-B1F0EBE0B68F}.AppStore|iPhone.Build.0 = Release|Any CPU
		{2F0A3D43-333D-4AC4-8F10-B1F0EBE0B68F}.AppStore|iPhoneSimulator.ActiveCfg = Release|Any CPU
		{2F0A3D43-333D-4AC4-8F10-B1F0EBE0B68F}.AppStore|iPhoneSimulator.Build.0 = Release|Any CPU
		{2F0A3D43-333D-4AC4-8F10-B1F0EBE0B68F}.AppStore|x64.ActiveCfg = Release|Any CPU
		{2F0A3D43-333D-4AC4-8F10-B1F0EBE0B68F}.AppStore|x64.Build.0 = Release|Any CPU
		{2F0A3D43-333D-4AC4-8F10-B1F0EBE0B68F}.AppStore|x86.ActiveCfg = Release|Any CPU
		{2F0A3D43-333D-4AC4-8F10-B1F0EBE0B68F}.AppStore|x86.Build.0 = Release|Any CPU
		{2F0A3D43-333D-4AC4-8F10-B1F0EBE0B68F}.Debug|Any CPU.ActiveCfg = Debug|Any CPU
		{2F0A3D43-333D-4AC4-8F10-B1F0EBE0B68F}.Debug|Any CPU.Build.0 = Debug|Any CPU
		{2F0A3D43-333D-4AC4-8F10-B1F0EBE0B68F}.Debug|ARM.ActiveCfg = Debug|Any CPU
		{2F0A3D43-333D-4AC4-8F10-B1F0EBE0B68F}.Debug|ARM.Build.0 = Debug|Any CPU
		{2F0A3D43-333D-4AC4-8F10-B1F0EBE0B68F}.Debug|iPhone.ActiveCfg = Debug|Any CPU
		{2F0A3D43-333D-4AC4-8F10-B1F0EBE0B68F}.Debug|iPhone.Build.0 = Debug|Any CPU
		{2F0A3D43-333D-4AC4-8F10-B1F0EBE0B68F}.Debug|iPhoneSimulator.ActiveCfg = Debug|Any CPU
		{2F0A3D43-333D-4AC4-8F10-B1F0EBE0B68F}.Debug|iPhoneSimulator.Build.0 = Debug|Any CPU
		{2F0A3D43-333D-4AC4-8F10-B1F0EBE0B68F}.Debug|x64.ActiveCfg = Debug|Any CPU
		{2F0A3D43-333D-4AC4-8F10-B1F0EBE0B68F}.Debug|x64.Build.0 = Debug|Any CPU
		{2F0A3D43-333D-4AC4-8F10-B1F0EBE0B68F}.Debug|x86.ActiveCfg = Debug|Any CPU
		{2F0A3D43-333D-4AC4-8F10-B1F0EBE0B68F}.Debug|x86.Build.0 = Debug|Any CPU
		{2F0A3D43-333D-4AC4-8F10-B1F0EBE0B68F}.Release|Any CPU.ActiveCfg = Release|Any CPU
		{2F0A3D43-333D-4AC4-8F10-B1F0EBE0B68F}.Release|Any CPU.Build.0 = Release|Any CPU
		{2F0A3D43-333D-4AC4-8F10-B1F0EBE0B68F}.Release|ARM.ActiveCfg = Release|Any CPU
		{2F0A3D43-333D-4AC4-8F10-B1F0EBE0B68F}.Release|ARM.Build.0 = Release|Any CPU
		{2F0A3D43-333D-4AC4-8F10-B1F0EBE0B68F}.Release|iPhone.ActiveCfg = Release|Any CPU
		{2F0A3D43-333D-4AC4-8F10-B1F0EBE0B68F}.Release|iPhone.Build.0 = Release|Any CPU
		{2F0A3D43-333D-4AC4-8F10-B1F0EBE0B68F}.Release|iPhoneSimulator.ActiveCfg = Release|Any CPU
		{2F0A3D43-333D-4AC4-8F10-B1F0EBE0B68F}.Release|iPhoneSimulator.Build.0 = Release|Any CPU
		{2F0A3D43-333D-4AC4-8F10-B1F0EBE0B68F}.Release|x64.ActiveCfg = Release|Any CPU
		{2F0A3D43-333D-4AC4-8F10-B1F0EBE0B68F}.Release|x64.Build.0 = Release|Any CPU
		{2F0A3D43-333D-4AC4-8F10-B1F0EBE0B68F}.Release|x86.ActiveCfg = Release|Any CPU
		{2F0A3D43-333D-4AC4-8F10-B1F0EBE0B68F}.Release|x86.Build.0 = Release|Any CPU
		{7403BC6C-882F-4D7C-A6E0-770A9940FC74}.Ad-Hoc|Any CPU.ActiveCfg = Release|Any CPU
		{7403BC6C-882F-4D7C-A6E0-770A9940FC74}.Ad-Hoc|Any CPU.Build.0 = Release|Any CPU
		{7403BC6C-882F-4D7C-A6E0-770A9940FC74}.Ad-Hoc|ARM.ActiveCfg = Release|Any CPU
		{7403BC6C-882F-4D7C-A6E0-770A9940FC74}.Ad-Hoc|ARM.Build.0 = Release|Any CPU
		{7403BC6C-882F-4D7C-A6E0-770A9940FC74}.Ad-Hoc|iPhone.ActiveCfg = Release|Any CPU
		{7403BC6C-882F-4D7C-A6E0-770A9940FC74}.Ad-Hoc|iPhone.Build.0 = Release|Any CPU
		{7403BC6C-882F-4D7C-A6E0-770A9940FC74}.Ad-Hoc|iPhoneSimulator.ActiveCfg = Release|Any CPU
		{7403BC6C-882F-4D7C-A6E0-770A9940FC74}.Ad-Hoc|iPhoneSimulator.Build.0 = Release|Any CPU
		{7403BC6C-882F-4D7C-A6E0-770A9940FC74}.Ad-Hoc|x64.ActiveCfg = Release|Any CPU
		{7403BC6C-882F-4D7C-A6E0-770A9940FC74}.Ad-Hoc|x64.Build.0 = Release|Any CPU
		{7403BC6C-882F-4D7C-A6E0-770A9940FC74}.Ad-Hoc|x86.ActiveCfg = Release|Any CPU
		{7403BC6C-882F-4D7C-A6E0-770A9940FC74}.Ad-Hoc|x86.Build.0 = Release|Any CPU
		{7403BC6C-882F-4D7C-A6E0-770A9940FC74}.AppStore|Any CPU.ActiveCfg = Release|Any CPU
		{7403BC6C-882F-4D7C-A6E0-770A9940FC74}.AppStore|Any CPU.Build.0 = Release|Any CPU
		{7403BC6C-882F-4D7C-A6E0-770A9940FC74}.AppStore|ARM.ActiveCfg = Release|Any CPU
		{7403BC6C-882F-4D7C-A6E0-770A9940FC74}.AppStore|ARM.Build.0 = Release|Any CPU
		{7403BC6C-882F-4D7C-A6E0-770A9940FC74}.AppStore|iPhone.ActiveCfg = Release|Any CPU
		{7403BC6C-882F-4D7C-A6E0-770A9940FC74}.AppStore|iPhone.Build.0 = Release|Any CPU
		{7403BC6C-882F-4D7C-A6E0-770A9940FC74}.AppStore|iPhoneSimulator.ActiveCfg = Release|Any CPU
		{7403BC6C-882F-4D7C-A6E0-770A9940FC74}.AppStore|iPhoneSimulator.Build.0 = Release|Any CPU
		{7403BC6C-882F-4D7C-A6E0-770A9940FC74}.AppStore|x64.ActiveCfg = Release|Any CPU
		{7403BC6C-882F-4D7C-A6E0-770A9940FC74}.AppStore|x64.Build.0 = Release|Any CPU
		{7403BC6C-882F-4D7C-A6E0-770A9940FC74}.AppStore|x86.ActiveCfg = Release|Any CPU
		{7403BC6C-882F-4D7C-A6E0-770A9940FC74}.AppStore|x86.Build.0 = Release|Any CPU
		{7403BC6C-882F-4D7C-A6E0-770A9940FC74}.Debug|Any CPU.ActiveCfg = Debug|Any CPU
		{7403BC6C-882F-4D7C-A6E0-770A9940FC74}.Debug|Any CPU.Build.0 = Debug|Any CPU
		{7403BC6C-882F-4D7C-A6E0-770A9940FC74}.Debug|ARM.ActiveCfg = Debug|Any CPU
		{7403BC6C-882F-4D7C-A6E0-770A9940FC74}.Debug|ARM.Build.0 = Debug|Any CPU
		{7403BC6C-882F-4D7C-A6E0-770A9940FC74}.Debug|iPhone.ActiveCfg = Debug|Any CPU
		{7403BC6C-882F-4D7C-A6E0-770A9940FC74}.Debug|iPhone.Build.0 = Debug|Any CPU
		{7403BC6C-882F-4D7C-A6E0-770A9940FC74}.Debug|iPhoneSimulator.ActiveCfg = Debug|Any CPU
		{7403BC6C-882F-4D7C-A6E0-770A9940FC74}.Debug|iPhoneSimulator.Build.0 = Debug|Any CPU
		{7403BC6C-882F-4D7C-A6E0-770A9940FC74}.Debug|x64.ActiveCfg = Debug|Any CPU
		{7403BC6C-882F-4D7C-A6E0-770A9940FC74}.Debug|x64.Build.0 = Debug|Any CPU
		{7403BC6C-882F-4D7C-A6E0-770A9940FC74}.Debug|x86.ActiveCfg = Debug|Any CPU
		{7403BC6C-882F-4D7C-A6E0-770A9940FC74}.Debug|x86.Build.0 = Debug|Any CPU
		{7403BC6C-882F-4D7C-A6E0-770A9940FC74}.Release|Any CPU.ActiveCfg = Release|Any CPU
		{7403BC6C-882F-4D7C-A6E0-770A9940FC74}.Release|Any CPU.Build.0 = Release|Any CPU
		{7403BC6C-882F-4D7C-A6E0-770A9940FC74}.Release|ARM.ActiveCfg = Release|Any CPU
		{7403BC6C-882F-4D7C-A6E0-770A9940FC74}.Release|ARM.Build.0 = Release|Any CPU
		{7403BC6C-882F-4D7C-A6E0-770A9940FC74}.Release|iPhone.ActiveCfg = Release|Any CPU
		{7403BC6C-882F-4D7C-A6E0-770A9940FC74}.Release|iPhone.Build.0 = Release|Any CPU
		{7403BC6C-882F-4D7C-A6E0-770A9940FC74}.Release|iPhoneSimulator.ActiveCfg = Release|Any CPU
		{7403BC6C-882F-4D7C-A6E0-770A9940FC74}.Release|iPhoneSimulator.Build.0 = Release|Any CPU
		{7403BC6C-882F-4D7C-A6E0-770A9940FC74}.Release|x64.ActiveCfg = Release|Any CPU
		{7403BC6C-882F-4D7C-A6E0-770A9940FC74}.Release|x64.Build.0 = Release|Any CPU
		{7403BC6C-882F-4D7C-A6E0-770A9940FC74}.Release|x86.ActiveCfg = Release|Any CPU
		{7403BC6C-882F-4D7C-A6E0-770A9940FC74}.Release|x86.Build.0 = Release|Any CPU
	EndGlobalSection
	GlobalSection(SolutionProperties) = preSolution
		HideSolutionNode = FALSE
	EndGlobalSection
	GlobalSection(ExtensibilityGlobals) = postSolution
		SolutionGuid = {2B6EBF2F-035F-42E4-9D8D-07EF5DA006DE}
	EndGlobalSection
EndGlobal
